{
  "nodes": {
    "darwin": {
      "inputs": {
        "nixpkgs": [
          "nixpkgs"
        ]
      },
      "locked": {
        "lastModified": 1682773107,
        "narHash": "sha256-+h94XeJnG3uk5imJlBi/1lVmcfCbxHpwZp5u7n3Krwg=",
        "owner": "LnL7",
        "repo": "nix-darwin",
        "rev": "379d42fad6bc5c28f79d5f7ff2fa5f1c90cb7bf8",
        "type": "github"
      },
      "original": {
        "owner": "LnL7",
        "repo": "nix-darwin",
        "type": "github"
      }
    },
    "home-manager": {
      "inputs": {
        "nixpkgs": [
          "nixpkgs"
        ]
      },
      "locked": {
        "lastModified": 1683276747,
        "narHash": "sha256-T3st1VBg3wmhHyBQb0z12sTSGsQgiu3mxkS61nLO8Xs=",
        "owner": "nix-community",
        "repo": "home-manager",
        "rev": "669669fcb403e3137dfe599bbcc26e60502c3543",
        "type": "github"
      },
      "original": {
        "owner": "nix-community",
        "repo": "home-manager",
        "type": "github"
      }
    },
    "nixpkgs": {
      "locked": {
        "lastModified": 1683353485,
        "narHash": "sha256-Skp5El3egmoXPiINWjnoW0ktVfB7PR/xc4F4bhD+BJY=",
        "owner": "NixOS",
        "repo": "nixpkgs",
        "rev": "caf436a52b25164b71e0d48b671127ac2e2a5b75",
        "type": "github"
      },
      "original": {
        "owner": "NixOS",
        "ref": "nixpkgs-unstable",
        "repo": "nixpkgs",
        "type": "github"
      }
    },
    "root": {
      "inputs": {
        "darwin": "darwin",
        "home-manager": "home-manager",
        "nixpkgs": "nixpkgs"
      }
    }
  },
  "root": "root",
  "version": 7
}
